github.com/hbstack/theme-start v0.7.0 h1:YfHDFSH5YcqhYT9aOUIMsQPow9hVpZTuwRn/OKvZ1IA=
github.com/hbstack/theme-start v0.7.0/go.mod h1:+qziJCXRAKbCiD9sY/8iqaboDy6Ka1zzNTNLI6G4vds=
github.com/hbstack/theme-start/engines/baidu v0.1.1 h1:f0KoZhZztmzCcxW925AVyJK/DrRfD3rZF/G1+TYAYyM=
github.com/hbstack/theme-start/engines/baidu v0.1.1/go.mod h1:NBXrSy7wcGxP39HtD+U1z4gyb1YZIXXiedHx5KTB65I=
github.com/hbstack/theme-start/engines/bing v0.1.2 h1:kkWybsqNtx24Whog9hu/ViVLDcSvzzm1jrZlKWeEl60=
github.com/hbstack/theme-start/engines/bing v0.1.2/go.mod h1:ylJhU6DD9wU7w01o1Wm71Vr9flJz8BO1tAbDESe10mw=
github.com/hbstack/theme-start/engines/duckduckgo v0.1.1 h1:ZK8gi1M6E7yWz2hCQd1xb28g6gQgI4f8wBCu524r9C0=
github.com/hbstack/theme-start/engines/duckduckgo v0.1.1/go.mod h1:q7W9zOGa/yEyDkAWn0fYYWMADWrdEeQeDuFI4POsnVk=
github.com/hbstack/theme-start/engines/google v0.1.1 h1:MBpgKr/lePopffMrW+juSqGFJTApoKrAHQ2e8cn1FlU=
github.com/hbstack/theme-start/engines/google v0.1.1/go.mod h1:T0wfHlDE3tT+diYyiay5plYf1QUpyhNoYULsjA5FRBA=
github.com/hbstack/theme-start/engines/sogou v0.1.1 h1:0RbmTVk3xNTksSujR5FF7bB3CyFTfdeyT9CjkpqWoHI=
github.com/hbstack/theme-start/engines/sogou v0.1.1/go.mod h1:a5Tf5G2c6d6/dXrHdhTsOT9Z0Ci5VeRL5nBe14jbGXE=
github.com/hbstack/theme-start/engines/wikipedia v0.1.1 h1:HW4ZboB5IrwtW5iW6tBBQDCIHHvsakF9gjoqThld4oU=
github.com/hbstack/theme-start/engines/wikipedia v0.1.1/go.mod h1:s9OYUJ0KhEZto0zDS97fmoOB5nnnrlVOh89ypoDy8xY=
github.com/hbstack/theme-start/engines/yahoo v0.1.2 h1:kAmJ934luhPxj+gu6aUSKbCnAQjigLdGa6ZstPvw6xY=
github.com/hbstack/theme-start/engines/yahoo v0.1.2/go.mod h1:pidkH5fQ5f5j25Des6MP8ow/ahHfGMQvAJ14SMRFgRA=
github.com/hbstack/theme-start/engines/yandex v0.1.1 h1:D/6ifaqjNFKULUCLV0URpEbLhnGNHbR0fikARcMtURc=
github.com/hbstack/theme-start/engines/yandex v0.1.1/go.mod h1:HPP0AG2Snk1HC20dR0rOgfIHnPaZwohQbh/M9E9IJoE=
